
Microsoft Visual Studio Solution File, Format Version 12.00
# Visual Studio Version 17
VisualStudioVersion = 17.10.35013.160
MinimumVisualStudioVersion = 10.0.40219.1
Project("{F184B08F-C81C-45F6-A57F-5ABD9991F28F}") = "PetMalu_Records_System", "PetMalu_Records_System.vbproj", "{19E368E1-27EF-496E-9A14-EB7F85004B63}"
EndProject
Global
	GlobalSection(SolutionConfigurationPlatforms) = preSolution
		Debug|Any CPU = Debug|Any CPU
		Release|Any CPU = Release|Any CPU
	EndGlobalSection
	GlobalSection(ProjectConfigurationPlatforms) = postSolution
		{19E368E1-27EF-496E-9A14-EB7F85004B63}.Debug|Any CPU.ActiveCfg = Debug|Any CPU
		{19E368E1-27EF-496E-9A14-EB7F85004B63}.Debug|Any CPU.Build.0 = Debug|Any CPU
		{19E368E1-27EF-496E-9A14-EB7F85004B63}.Release|Any CPU.ActiveCfg = Release|Any CPU
		{19E368E1-27EF-496E-9A14-EB7F85004B63}.Release|Any CPU.Build.0 = Release|Any CPU
	EndGlobalSection
	GlobalSection(SolutionProperties) = preSolution
		HideSolutionNode = FALSE
	EndGlobalSection
	GlobalSection(ExtensibilityGlobals) = postSolution
		SolutionGuid = {BD0150C5-8F99-46E1-B137-2CCB223258FE}
	EndGlobalSection
EndGlobal
